
Microsoft Visual Studio Solution File, Format Version 12.00
# Visual Studio 14
VisualStudioVersion = 14.0.25420.1
MinimumVisualStudioVersion = 10.0.40219.1
Project("{FAE04EC0-301F-11D3-BF4B-00C04F79EFBC}") = "CurrencyMarketMT", "CurrencyMarketMT\CurrencyMarketMT.csproj", "{7988A6EF-D35E-4409-829C-7D257935756B}"
EndProject
Project("{FAE04EC0-301F-11D3-BF4B-00C04F79EFBC}") = "CurrencyMarketMT.Tests", "CurrencyMarketMT.Tests\CurrencyMarketMT.Tests.csproj", "{B32AD746-32FD-4314-8C5E-6A2A3F2D99D6}"
EndProject
Project("{FAE04EC0-301F-11D3-BF4B-00C04F79EFBC}") = "PepCore", "PepCore\PepCore.csproj", "{5E94A455-A37D-426B-B08B-7F10B865A299}"
EndProject
Project("{FAE04EC0-301F-11D3-BF4B-00C04F79EFBC}") = "DebuggerConsoleApplication", "DebuggerConsoleApplication\DebuggerConsoleApplication.csproj", "{7008B220-7A50-4097-B6CF-98D296141BEC}"
EndProject
Global
	GlobalSection(SolutionConfigurationPlatforms) = preSolution
		Debug|Any CPU = Debug|Any CPU
		Release|Any CPU = Release|Any CPU
	EndGlobalSection
	GlobalSection(ProjectConfigurationPlatforms) = postSolution
		{7988A6EF-D35E-4409-829C-7D257935756B}.Debug|Any CPU.ActiveCfg = Debug|Any CPU
		{7988A6EF-D35E-4409-829C-7D257935756B}.Debug|Any CPU.Build.0 = Debug|Any CPU
		{7988A6EF-D35E-4409-829C-7D257935756B}.Release|Any CPU.ActiveCfg = Release|Any CPU
		{7988A6EF-D35E-4409-829C-7D257935756B}.Release|Any CPU.Build.0 = Release|Any CPU
		{B32AD746-32FD-4314-8C5E-6A2A3F2D99D6}.Debug|Any CPU.ActiveCfg = Debug|Any CPU
		{B32AD746-32FD-4314-8C5E-6A2A3F2D99D6}.Debug|Any CPU.Build.0 = Debug|Any CPU
		{B32AD746-32FD-4314-8C5E-6A2A3F2D99D6}.Release|Any CPU.ActiveCfg = Release|Any CPU
		{B32AD746-32FD-4314-8C5E-6A2A3F2D99D6}.Release|Any CPU.Build.0 = Release|Any CPU
		{5E94A455-A37D-426B-B08B-7F10B865A299}.Debug|Any CPU.ActiveCfg = Debug|Any CPU
		{5E94A455-A37D-426B-B08B-7F10B865A299}.Debug|Any CPU.Build.0 = Debug|Any CPU
		{5E94A455-A37D-426B-B08B-7F10B865A299}.Release|Any CPU.ActiveCfg = Release|Any CPU
		{5E94A455-A37D-426B-B08B-7F10B865A299}.Release|Any CPU.Build.0 = Release|Any CPU
		{7008B220-7A50-4097-B6CF-98D296141BEC}.Debug|Any CPU.ActiveCfg = Debug|Any CPU
		{7008B220-7A50-4097-B6CF-98D296141BEC}.Debug|Any CPU.Build.0 = Debug|Any CPU
		{7008B220-7A50-4097-B6CF-98D296141BEC}.Release|Any CPU.ActiveCfg = Release|Any CPU
		{7008B220-7A50-4097-B6CF-98D296141BEC}.Release|Any CPU.Build.0 = Release|Any CPU
	EndGlobalSection
	GlobalSection(SolutionProperties) = preSolution
		HideSolutionNode = FALSE
	EndGlobalSection
EndGlobal
